# THIS IS AN AUTOGENERATED FILE. DO NOT EDIT THIS FILE DIRECTLY.
# yarn lockfile v1


asap@~2.0.3:
  version "2.0.5"
  resolved "https://registry.yarnpkg.com/asap/-/asap-2.0.5.tgz#522765b50c3510490e52d7dcfe085ef9ba96958f"

commander@2:
  version "2.9.0"
  resolved "https://registry.yarnpkg.com/commander/-/commander-2.9.0.tgz#9c99094176e12240cb22d6c5146098400fe0f7d4"
  dependencies:
    graceful-readlink ">= 1.0.0"

core-js@^1.0.0:
  version "1.2.7"
  resolved "https://registry.yarnpkg.com/core-js/-/core-js-1.2.7.tgz#652294c14651db28fa93bd2d5ff2983a4f08c636"

d3-array@1, d3-array@1.2.0:
  version "1.2.0"
  resolved "https://registry.yarnpkg.com/d3-array/-/d3-array-1.2.0.tgz#147d269720e174c4057a7f42be8b0f3f2ba53108"

d3-axis@1.0.6:
  version "1.0.6"
  resolved "https://registry.yarnpkg.com/d3-axis/-/d3-axis-1.0.6.tgz#dccbc21a73e5786de820bf1a22b237f522b878be"

d3-brush@1.0.4:
  version "1.0.4"
  resolved "https://registry.yarnpkg.com/d3-brush/-/d3-brush-1.0.4.tgz#00c2f238019f24f6c0a194a26d41a1530ffe7bc4"
  dependencies:
    d3-dispatch "1"
    d3-drag "1"
    d3-interpolate "1"
    d3-selection "1"
    d3-transition "1"

d3-chord@1.0.4:
  version "1.0.4"
  resolved "https://registry.yarnpkg.com/d3-chord/-/d3-chord-1.0.4.tgz#7dec4f0ba886f713fe111c45f763414f6f74ca2c"
  dependencies:
    d3-array "1"
    d3-path "1"

d3-cloud@^1.2.4:
  version "1.2.4"
  resolved "https://registry.yarnpkg.com/d3-cloud/-/d3-cloud-1.2.4.tgz#3e169403adab74fdb0c867638d7f0bb8e6ae71ff"
  dependencies:
    d3-dispatch "1"

d3-collection@1, d3-collection@1.0.3:
  version "1.0.3"
  resolved "https://registry.yarnpkg.com/d3-collection/-/d3-collection-1.0.3.tgz#00bdea94fbc1628d435abbae2f4dc2164e37dd34"

d3-color@1, d3-color@1.0.3:
  version "1.0.3"
  resolved "https://registry.yarnpkg.com/d3-color/-/d3-color-1.0.3.tgz#bc7643fca8e53a8347e2fbdaffa236796b58509b"

d3-dispatch@1, d3-dispatch@1.0.3:
  version "1.0.3"
  resolved "https://registry.yarnpkg.com/d3-dispatch/-/d3-dispatch-1.0.3.tgz#46e1491eaa9b58c358fce5be4e8bed626e7871f8"

d3-drag@1, d3-drag@1.0.4:
  version "1.0.4"
  resolved "https://registry.yarnpkg.com/d3-drag/-/d3-drag-1.0.4.tgz#a9c1609f11dd5530ae275ebd64377ec54efb9d8f"
  dependencies:
    d3-dispatch "1"
    d3-selection "1"

d3-dsv@1, d3-dsv@1.0.5:
  version "1.0.5"
  resolved "https://registry.yarnpkg.com/d3-dsv/-/d3-dsv-1.0.5.tgz#419f7db47f628789fc3fdb636e678449d0821136"
  dependencies:
    commander "2"
    iconv-lite "0.4"
    rw "1"

d3-ease@1, d3-ease@1.0.3:
  version "1.0.3"
  resolved "https://registry.yarnpkg.com/d3-ease/-/d3-ease-1.0.3.tgz#68bfbc349338a380c44d8acc4fbc3304aa2d8c0e"

d3-force@1.0.6:
  version "1.0.6"
  resolved "https://registry.yarnpkg.com/d3-force/-/d3-force-1.0.6.tgz#ea7e1b7730e2664cd314f594d6718c57cc132b79"
  dependencies:
    d3-collection "1"
    d3-dispatch "1"
    d3-quadtree "1"
    d3-timer "1"

d3-format@1, d3-format@1.2.0:
  version "1.2.0"
  resolved "https://registry.yarnpkg.com/d3-format/-/d3-format-1.2.0.tgz#6b480baa886885d4651dc248a8f4ac9da16db07a"

d3-geo@1.6.3:
  version "1.6.3"
  resolved "https://registry.yarnpkg.com/d3-geo/-/d3-geo-1.6.3.tgz#21683a43a061eaba21a7f254b51d5937eb640756"
  dependencies:
    d3-array "1"

d3-hierarchy@1.1.4:
  version "1.1.4"
  resolved "https://registry.yarnpkg.com/d3-hierarchy/-/d3-hierarchy-1.1.4.tgz#96c3942f3f21cf997a11b4edf00dde2a77b4c6d0"

d3-interpolate@1, d3-interpolate@1.1.4:
  version "1.1.4"
  resolved "https://registry.yarnpkg.com/d3-interpolate/-/d3-interpolate-1.1.4.tgz#a43ec5b3bee350d8516efdf819a4c08c053db302"
  dependencies:
    d3-color "1"

d3-path@1, d3-path@1.0.5:
  version "1.0.5"
  resolved "https://registry.yarnpkg.com/d3-path/-/d3-path-1.0.5.tgz#241eb1849bd9e9e8021c0d0a799f8a0e8e441764"

d3-polygon@1.0.3:
  version "1.0.3"
  resolved "https://registry.yarnpkg.com/d3-polygon/-/d3-polygon-1.0.3.tgz#16888e9026460933f2b179652ad378224d382c62"

d3-quadtree@1, d3-quadtree@1.0.3:
  version "1.0.3"
  resolved "https://registry.yarnpkg.com/d3-quadtree/-/d3-quadtree-1.0.3.tgz#ac7987e3e23fe805a990f28e1b50d38fcb822438"

d3-queue@3.0.5:
  version "3.0.5"
  resolved "https://registry.yarnpkg.com/d3-queue/-/d3-queue-3.0.5.tgz#0ceffe1f131c459b13b9f69f1056b41dfc33c00d"

d3-random@1.0.3:
  version "1.0.3"
  resolved "https://registry.yarnpkg.com/d3-random/-/d3-random-1.0.3.tgz#6526c844aa5e7c457e29ddacd6f2734f845b42c1"

d3-request@1.0.5:
  version "1.0.5"
  resolved "https://registry.yarnpkg.com/d3-request/-/d3-request-1.0.5.tgz#4daae946d1dd0d57dfe01f022956354958d51f23"
  dependencies:
    d3-collection "1"
    d3-dispatch "1"
    d3-dsv "1"
    xmlhttprequest "1"

d3-scale@1.0.5:
  version "1.0.5"
  resolved "https://registry.yarnpkg.com/d3-scale/-/d3-scale-1.0.5.tgz#418506f0fb18eb052b385e196398acc2a4134858"
  dependencies:
    d3-array "1"
    d3-collection "1"
    d3-color "1"
    d3-format "1"
    d3-interpolate "1"
    d3-time "1"
    d3-time-format "2"

d3-selection@1, d3-selection@1.0.5:
  version "1.0.5"
  resolved "https://registry.yarnpkg.com/d3-selection/-/d3-selection-1.0.5.tgz#948c73b41a44e28d1742ae2ff207c2aebca2734b"

d3-shape@1.0.6:
  version "1.0.6"
  resolved "https://registry.yarnpkg.com/d3-shape/-/d3-shape-1.0.6.tgz#b09e305cf0c7c6b9a98c90e6b42f62dac4bcfd5b"
  dependencies:
    d3-path "1"

d3-time-format@2, d3-time-format@2.0.5:
  version "2.0.5"
  resolved "https://registry.yarnpkg.com/d3-time-format/-/d3-time-format-2.0.5.tgz#9d7780204f7c9119c9170b1a56db4de9a8af972e"
  dependencies:
    d3-time "1"

d3-time@1, d3-time@1.0.6:
  version "1.0.6"
  resolved "https://registry.yarnpkg.com/d3-time/-/d3-time-1.0.6.tgz#a55b13d7d15d3a160ae91708232e0835f1d5e945"

d3-timer@1, d3-timer@1.0.5:
  version "1.0.5"
  resolved "https://registry.yarnpkg.com/d3-timer/-/d3-timer-1.0.5.tgz#b266d476c71b0d269e7ac5f352b410a3b6fe6ef0"

d3-transition@1, d3-transition@1.0.4:
  version "1.0.4"
  resolved "https://registry.yarnpkg.com/d3-transition/-/d3-transition-1.0.4.tgz#e1a9ebae3869a9d9c2874ab00841fa8313ae5de5"
  dependencies:
    d3-color "1"
    d3-dispatch "1"
    d3-ease "1"
    d3-interpolate "1"
    d3-selection "1"
    d3-timer "1"

d3-voronoi@1.1.2:
  version "1.1.2"
  resolved "https://registry.yarnpkg.com/d3-voronoi/-/d3-voronoi-1.1.2.tgz#1687667e8f13a2d158c80c1480c5a29cb0d8973c"

d3-zoom@1.1.4:
  version "1.1.4"
  resolved "https://registry.yarnpkg.com/d3-zoom/-/d3-zoom-1.1.4.tgz#903fd2c988b5cace43f00dcf7aae09470c9cc12d"
  dependencies:
    d3-dispatch "1"
    d3-drag "1"
    d3-interpolate "1"
    d3-selection "1"
    d3-transition "1"

d3@^4.4.2:
  version "4.8.0"
  resolved "https://registry.yarnpkg.com/d3/-/d3-4.8.0.tgz#1ad8d18997869c90b6ad6114e9b92425cee78460"
  dependencies:
    d3-array "1.2.0"
    d3-axis "1.0.6"
    d3-brush "1.0.4"
    d3-chord "1.0.4"
    d3-collection "1.0.3"
    d3-color "1.0.3"
    d3-dispatch "1.0.3"
    d3-drag "1.0.4"
    d3-dsv "1.0.5"
    d3-ease "1.0.3"
    d3-force "1.0.6"
    d3-format "1.2.0"
    d3-geo "1.6.3"
    d3-hierarchy "1.1.4"
    d3-interpolate "1.1.4"
    d3-path "1.0.5"
    d3-polygon "1.0.3"
    d3-quadtree "1.0.3"
    d3-queue "3.0.5"
    d3-random "1.0.3"
    d3-request "1.0.5"
    d3-scale "1.0.5"
    d3-selection "1.0.5"
    d3-shape "1.0.6"
    d3-time "1.0.6"
    d3-time-format "2.0.5"
    d3-timer "1.0.5"
    d3-transition "1.0.4"
    d3-voronoi "1.1.2"
    d3-zoom "1.1.4"

encoding@^0.1.11:
  version "0.1.12"
  resolved "https://registry.yarnpkg.com/encoding/-/encoding-0.1.12.tgz#538b66f3ee62cd1ab51ec323829d1f9480c74beb"
  dependencies:
    iconv-lite "~0.4.13"

fbjs@^0.8.1, fbjs@^0.8.4:
  version "0.8.12"
  resolved "https://registry.yarnpkg.com/fbjs/-/fbjs-0.8.12.tgz#10b5d92f76d45575fd63a217d4ea02bea2f8ed04"
  dependencies:
    core-js "^1.0.0"
    isomorphic-fetch "^2.1.1"
    loose-envify "^1.0.0"
    object-assign "^4.1.0"
    promise "^7.1.1"
    setimmediate "^1.0.5"
    ua-parser-js "^0.7.9"

"graceful-readlink@>= 1.0.0":
  version "1.0.1"
  resolved "https://registry.yarnpkg.com/graceful-readlink/-/graceful-readlink-1.0.1.tgz#4cafad76bc62f02fa039b2f94e9a3dd3a391a725"

iconv-lite@0.4, iconv-lite@~0.4.13:
  version "0.4.15"
  resolved "https://registry.yarnpkg.com/iconv-lite/-/iconv-lite-0.4.15.tgz#fe265a218ac6a57cfe854927e9d04c19825eddeb"

is-stream@^1.0.1:
  version "1.1.0"
  resolved "https://registry.yarnpkg.com/is-stream/-/is-stream-1.1.0.tgz#12d4a3dd4e68e0b79ceb8dbc84173ae80d91ca44"

isomorphic-fetch@^2.1.1:
  version "2.2.1"
  resolved "https://registry.yarnpkg.com/isomorphic-fetch/-/isomorphic-fetch-2.2.1.tgz#611ae1acf14f5e81f729507472819fe9733558a9"
  dependencies:
    node-fetch "^1.0.1"
    whatwg-fetch ">=0.10.0"

js-tokens@^3.0.0:
  version "3.0.1"
  resolved "https://registry.yarnpkg.com/js-tokens/-/js-tokens-3.0.1.tgz#08e9f132484a2c45a30907e9dc4d5567b7f114d7"

loose-envify@^1.0.0, loose-envify@^1.1.0:
  version "1.3.1"
  resolved "https://registry.yarnpkg.com/loose-envify/-/loose-envify-1.3.1.tgz#d1a8ad33fa9ce0e713d65fdd0ac8b748d478c848"
  dependencies:
    js-tokens "^3.0.0"

node-fetch@^1.0.1:
  version "1.6.3"
  resolved "https://registry.yarnpkg.com/node-fetch/-/node-fetch-1.6.3.tgz#dc234edd6489982d58e8f0db4f695029abcd8c04"
  dependencies:
    encoding "^0.1.11"
    is-stream "^1.0.1"

object-assign@^4.1.0:
  version "4.1.1"
  resolved "https://registry.yarnpkg.com/object-assign/-/object-assign-4.1.1.tgz#2109adc7965887cfc05cbbd442cac8bfbb360863"

promise@^7.1.1:
  version "7.1.1"
  resolved "https://registry.yarnpkg.com/promise/-/promise-7.1.1.tgz#489654c692616b8aa55b0724fa809bb7db49c5bf"
  dependencies:
    asap "~2.0.3"

query-selector@^1.0.9:
  version "1.0.9"
  resolved "https://registry.yarnpkg.com/query-selector/-/query-selector-1.0.9.tgz#917fd31b7379b53fd441e536af647552e01e7e9e"

react-d3-cloud@^0.4.1:
  version "0.4.1"
  resolved "https://registry.yarnpkg.com/react-d3-cloud/-/react-d3-cloud-0.4.1.tgz#8aa05905a696c781a40e97de5d2f55b1d917601b"
  dependencies:
    d3 "^4.4.2"
    d3-cloud "^1.2.4"
    react-faux-dom "^3.0.0"

react-dom@15.4.2:
  version "15.4.2"
  resolved "https://registry.yarnpkg.com/react-dom/-/react-dom-15.4.2.tgz#015363f05b0a1fd52ae9efdd3a0060d90695208f"
  dependencies:
    fbjs "^0.8.1"
    loose-envify "^1.1.0"
    object-assign "^4.1.0"

react-faux-dom@^3.0.0:
  version "3.1.0"
  resolved "https://registry.yarnpkg.com/react-faux-dom/-/react-faux-dom-3.1.0.tgz#d070ce8068bcf10e19b5dec329d2da671aa6734b"
  dependencies:
    query-selector "^1.0.9"
    style-attr "^1.0.1"

react-iframe@^0.0.4:
  version "0.0.4"
  resolved "https://registry.yarnpkg.com/react-iframe/-/react-iframe-0.0.4.tgz#24f2f63439f1d141788b0971acc10cdd06fd7b75"

react@15.4.2:
  version "15.4.2"
  resolved "https://registry.yarnpkg.com/react/-/react-15.4.2.tgz#41f7991b26185392ba9bae96c8889e7e018397ef"
  dependencies:
    fbjs "^0.8.4"
    loose-envify "^1.1.0"
    object-assign "^4.1.0"

rw@1:
  version "1.3.3"
  resolved "https://registry.yarnpkg.com/rw/-/rw-1.3.3.tgz#3f862dfa91ab766b14885ef4d01124bfda074fb4"

setimmediate@^1.0.5:
  version "1.0.5"
  resolved "https://registry.yarnpkg.com/setimmediate/-/setimmediate-1.0.5.tgz#290cbb232e306942d7d7ea9b83732ab7856f8285"

style-attr@^1.0.1:
  version "1.2.0"
  resolved "https://registry.yarnpkg.com/style-attr/-/style-attr-1.2.0.tgz#a54ce15210325dce7f3831daa2b8236878919f1f"

ua-parser-js@^0.7.9:
  version "0.7.12"
  resolved "https://registry.yarnpkg.com/ua-parser-js/-/ua-parser-js-0.7.12.tgz#04c81a99bdd5dc52263ea29d24c6bf8d4818a4bb"

whatwg-fetch@>=0.10.0:
  version "2.0.3"
  resolved "https://registry.yarnpkg.com/whatwg-fetch/-/whatwg-fetch-2.0.3.tgz#9c84ec2dcf68187ff00bc64e1274b442176e1c84"

xmlhttprequest@1:
  version "1.8.0"
  resolved "https://registry.yarnpkg.com/xmlhttprequest/-/xmlhttprequest-1.8.0.tgz#67fe075c5c24fef39f9d65f5f7b7fe75171968fc"
