{
  "name": "frog-package",
  "version": "1.0.0",
  "lockfileVersion": 1,
  "requires": true,
  "dependencies": {
    "yarn": {
      "version": "1.12.1",
      "resolved": "https://registry.npmjs.org/yarn/-/yarn-1.12.1.tgz",
      "integrity": "sha512-vdVLrYWx73k4QR8ZpQQ3HJg/X8aAunjUHuPlADR/ogmZOhnqgAdETPz0e/Df+MW8Dno7F1dOxS5e3G6niobumw=="
    }
  }
}
