{
  "name": "frog-package",
  "version": "1.0.0",
  "lockfileVersion": 1,
  "requires": true,
  "dependencies": {
    "@@material-ui/core/codemod": {
      "version": "1.0.0",
      "resolved": "https://registry.npmjs.org/@@material-ui/core/codemod/-/codemod-1.0.0.tgz",
      "integrity": "sha512-PoL0cfX08t+gzL4hO0nQ/N6Ub+C6KEvbXqWECpviXMku/KgFp67m3dxyBDD8ZI0+rQMQrKN8V+aJLzKHYf9U9A=="
    },
    "yarn": {
      "version": "1.6.0",
      "resolved": "https://registry.npmjs.org/yarn/-/yarn-1.6.0.tgz",
      "integrity": "sha1-nOxveYbcI3057HBc502VFV/lXUs="
    }
  }
}
