# THIS IS AN AUTOGENERATED FILE. DO NOT EDIT THIS FILE DIRECTLY.
# yarn lockfile v1


arraydiff@^0.1.1:
  version "0.1.3"
  resolved "https://registry.yarnpkg.com/arraydiff/-/arraydiff-0.1.3.tgz#86a5436d7b72f1bdda5fd6d74e8724e42f83ce4d"

async-limiter@~1.0.0:
  version "1.0.0"
  resolved "https://registry.yarnpkg.com/async-limiter/-/async-limiter-1.0.0.tgz#78faed8c3d074ab81f22b4e985d79e8738f720f8"

async@^1.4.2:
  version "1.5.2"
  resolved "https://registry.yarnpkg.com/async/-/async-1.5.2.tgz#ec6a61ae56480c0c3cb241c95618e20892f9672a"

bson@~1.0.4:
  version "1.0.4"
  resolved "https://registry.yarnpkg.com/bson/-/bson-1.0.4.tgz#93c10d39eaa5b58415cbc4052f3e53e562b0b72c"

buffer-shims@~1.0.0:
  version "1.0.0"
  resolved "https://registry.yarnpkg.com/buffer-shims/-/buffer-shims-1.0.0.tgz#9978ce317388c649ad8793028c3477ef044a8b51"

core-util-is@~1.0.0:
  version "1.0.2"
  resolved "https://registry.yarnpkg.com/core-util-is/-/core-util-is-1.0.2.tgz#b5fd54220aa2bc5ab57aab7140c940754503c1a7"

deep-is@^0.1.3:
  version "0.1.3"
  resolved "https://registry.yarnpkg.com/deep-is/-/deep-is-0.1.3.tgz#b369d6fb5dbc13eecf524f91b070feedc357cf34"

es6-promise@3.2.1:
  version "3.2.1"
  resolved "https://registry.yarnpkg.com/es6-promise/-/es6-promise-3.2.1.tgz#ec56233868032909207170c39448e24449dd1fc4"

hat@0.0.3:
  version "0.0.3"
  resolved "https://registry.yarnpkg.com/hat/-/hat-0.0.3.tgz#bb014a9e64b3788aed8005917413d4ff3d502d8a"

inherits@~2.0.1:
  version "2.0.3"
  resolved "https://registry.yarnpkg.com/inherits/-/inherits-2.0.3.tgz#633c2c83e3da42a502f52466022480f4208261de"

isarray@~1.0.0:
  version "1.0.0"
  resolved "https://registry.yarnpkg.com/isarray/-/isarray-1.0.0.tgz#bb935d48582cba168c06834957a54a3e07124f11"

make-error@^1.1.1:
  version "1.3.0"
  resolved "https://registry.yarnpkg.com/make-error/-/make-error-1.3.0.tgz#52ad3a339ccf10ce62b4040b708fe707244b8b96"

mongodb-core@2.1.15:
  version "2.1.15"
  resolved "https://registry.yarnpkg.com/mongodb-core/-/mongodb-core-2.1.15.tgz#841f53b87ffff4c7458189c35c8ae827e1169764"
  dependencies:
    bson "~1.0.4"
    require_optional "~1.0.0"

mongodb@^2.1.2:
  version "2.2.31"
  resolved "https://registry.yarnpkg.com/mongodb/-/mongodb-2.2.31.tgz#1940445c661e19217bb3bf8245d9854aaef548db"
  dependencies:
    es6-promise "3.2.1"
    mongodb-core "2.1.15"
    readable-stream "2.2.7"

ot-json0@^1.0.1:
  version "1.0.1"
  resolved "https://registry.yarnpkg.com/ot-json0/-/ot-json0-1.0.1.tgz#3edfe7b73bd1f192c0737d332050e23515be354a"

process-nextick-args@~1.0.6:
  version "1.0.7"
  resolved "https://registry.yarnpkg.com/process-nextick-args/-/process-nextick-args-1.0.7.tgz#150e20b756590ad3f91093f25a4f2ad8bff30ba3"

readable-stream@2.2.7:
  version "2.2.7"
  resolved "https://registry.yarnpkg.com/readable-stream/-/readable-stream-2.2.7.tgz#07057acbe2467b22042d36f98c5ad507054e95b1"
  dependencies:
    buffer-shims "~1.0.0"
    core-util-is "~1.0.0"
    inherits "~2.0.1"
    isarray "~1.0.0"
    process-nextick-args "~1.0.6"
    string_decoder "~1.0.0"
    util-deprecate "~1.0.1"

require_optional@~1.0.0:
  version "1.0.1"
  resolved "https://registry.yarnpkg.com/require_optional/-/require_optional-1.0.1.tgz#4cf35a4247f64ca3df8c2ef208cc494b1ca8fc2e"
  dependencies:
    resolve-from "^2.0.0"
    semver "^5.1.0"

resolve-from@^2.0.0:
  version "2.0.0"
  resolved "https://registry.yarnpkg.com/resolve-from/-/resolve-from-2.0.0.tgz#9480ab20e94ffa1d9e80a804c7ea147611966b57"

safe-buffer@~5.1.0:
  version "5.1.1"
  resolved "https://registry.yarnpkg.com/safe-buffer/-/safe-buffer-5.1.1.tgz#893312af69b2123def71f57889001671eeb2c853"

semver@^5.1.0:
  version "5.4.1"
  resolved "https://registry.yarnpkg.com/semver/-/semver-5.4.1.tgz#e059c09d8571f0540823733433505d3a2f00b18e"

sharedb-mongo@^1.0.0-beta.4:
  version "1.0.0-beta.4"
  resolved "https://registry.yarnpkg.com/sharedb-mongo/-/sharedb-mongo-1.0.0-beta.4.tgz#f9bec2a6386b1867249445d507b572c9b79b033f"
  dependencies:
    async "^1.4.2"
    mongodb "^2.1.2"
    sharedb "^1.0.0-beta"

sharedb@^1.0.0-beta, sharedb@^1.0.0-beta.7:
  version "1.0.0-beta.7"
  resolved "https://registry.yarnpkg.com/sharedb/-/sharedb-1.0.0-beta.7.tgz#82118293db29dd3d781692ae3a39cfdef297b698"
  dependencies:
    arraydiff "^0.1.1"
    async "^1.4.2"
    deep-is "^0.1.3"
    hat "0.0.3"
    make-error "^1.1.1"
    ot-json0 "^1.0.1"

string_decoder@~1.0.0:
  version "1.0.3"
  resolved "https://registry.yarnpkg.com/string_decoder/-/string_decoder-1.0.3.tgz#0fc67d7c141825de94282dd536bec6b9bce860ab"
  dependencies:
    safe-buffer "~5.1.0"

ultron@~1.1.0:
  version "1.1.0"
  resolved "https://registry.yarnpkg.com/ultron/-/ultron-1.1.0.tgz#b07a2e6a541a815fc6a34ccd4533baec307ca864"

util-deprecate@~1.0.1:
  version "1.0.2"
  resolved "https://registry.yarnpkg.com/util-deprecate/-/util-deprecate-1.0.2.tgz#450d4dc9fa70de732762fbd2d4a28981419a0ccf"

websocket-json-stream@^0.0.3:
  version "0.0.3"
  resolved "https://registry.yarnpkg.com/websocket-json-stream/-/websocket-json-stream-0.0.3.tgz#e66eb7f90861425b1f7c0d699c64cb6aacc517f8"

ws@^3.2.0:
  version "3.2.0"
  resolved "https://registry.yarnpkg.com/ws/-/ws-3.2.0.tgz#d5d3d6b11aff71e73f808f40cc69d52bb6d4a185"
  dependencies:
    async-limiter "~1.0.0"
    safe-buffer "~5.1.0"
    ultron "~1.1.0"
