{
  "name": "frog",
  "version": "1.0.0",
  "lockfileVersion": 1,
  "requires": true,
  "dependencies": {
    "flow-bin": {
      "version": "0.72.0",
      "resolved": "https://registry.npmjs.org/flow-bin/-/flow-bin-0.72.0.tgz",
      "integrity": "sha1-EgURgPstt8y3KP7+Z8d+lV6SpE0=",
      "dev": true
    }
  }
}
