{
  "name": "frog",
  "version": "1.0.0",
  "lockfileVersion": 1,
  "requires": true,
  "dependencies": {
    "promise-polyfill": {
      "version": "8.1.0",
      "resolved": "https://registry.npmjs.org/promise-polyfill/-/promise-polyfill-8.1.0.tgz",
      "integrity": "sha512-OzSf6gcCUQ01byV4BgwyUCswlaQQ6gzXc23aLQWhicvfX9kfsUiUhgt3CCQej8jDnl8/PhGF31JdHX2/MzF3WA=="
    },
    "react-form-validator-core": {
      "version": "0.6.4",
      "resolved": "https://registry.npmjs.org/react-form-validator-core/-/react-form-validator-core-0.6.4.tgz",
      "integrity": "sha512-pqMOuOnkYH+pdnh0Iflhn53l+bso8wQPZ21agn7XQj0ePTHC25VCWKs5NQg8xg7kJfLztD/83ffHyOkAAl6rhw==",
      "requires": {
        "promise-polyfill": "8.1.0",
        "react-lifecycles-compat": "^3.0.2"
      }
    },
    "react-lifecycles-compat": {
      "version": "3.0.4",
      "resolved": "https://registry.npmjs.org/react-lifecycles-compat/-/react-lifecycles-compat-3.0.4.tgz",
      "integrity": "sha512-fBASbA6LnOU9dOU2eW7aQ8xmYBSXUIWr+UmF9b1efZBazGNO+rcXT/icdKnYm2pTwcRylVUYwW7H1PHfLekVzA=="
    },
    "react-material-ui-form-validator": {
      "version": "2.0.9",
      "resolved": "https://registry.npmjs.org/react-material-ui-form-validator/-/react-material-ui-form-validator-2.0.9.tgz",
      "integrity": "sha512-8IJwis941dp745eX0wmvj0er1IkMvF0hqhpD9nYbOFeSEKQqc6ta0h/HOtBcVBXlfUJlHHUUib44gyWZV+uE1Q==",
      "requires": {
        "react-form-validator-core": "0.6.4"
      }
    }
  }
}
