{
  "name": "frog",
  "version": "1.0.0",
  "lockfileVersion": 1,
  "requires": true,
  "dependencies": {
    "webpack-meteor-externals": {
      "version": "0.0.5",
      "resolved": "https://registry.npmjs.org/webpack-meteor-externals/-/webpack-meteor-externals-0.0.5.tgz",
      "integrity": "sha1-ZkZ0zVZT6XqKrjCNvG2+MZNa4H4=",
      "dev": true
    }
  }
}
